
Microsoft Visual Studio Solution File, Format Version 12.00
# Visual Studio Version 16
VisualStudioVersion = 16.0.30002.166
MinimumVisualStudioVersion = 10.0.40219.1
Project("{FAE04EC0-301F-11D3-BF4B-00C04F79EFBC}") = "DependencyInjectionScopes", "DependencyInjectionScopes\DependencyInjectionScopes.csproj", "{B7EF8463-5B41-4A21-AAA0-224CE3CEB9A0}"
EndProject
Global
	GlobalSection(SolutionConfigurationPlatforms) = preSolution
		Debug|Any CPU = Debug|Any CPU
		Release|Any CPU = Release|Any CPU
	EndGlobalSection
	GlobalSection(ProjectConfigurationPlatforms) = postSolution
		{B7EF8463-5B41-4A21-AAA0-224CE3CEB9A0}.Debug|Any CPU.ActiveCfg = Debug|Any CPU
		{B7EF8463-5B41-4A21-AAA0-224CE3CEB9A0}.Debug|Any CPU.Build.0 = Debug|Any CPU
		{B7EF8463-5B41-4A21-AAA0-224CE3CEB9A0}.Release|Any CPU.ActiveCfg = Release|Any CPU
		{B7EF8463-5B41-4A21-AAA0-224CE3CEB9A0}.Release|Any CPU.Build.0 = Release|Any CPU
	EndGlobalSection
	GlobalSection(SolutionProperties) = preSolution
		HideSolutionNode = FALSE
	EndGlobalSection
	GlobalSection(ExtensibilityGlobals) = postSolution
		SolutionGuid = {1F95C0CC-4EB7-44DF-9B11-C27BB7D358C3}
	EndGlobalSection
EndGlobal
